
Microsoft Visual Studio Solution File, Format Version 12.00
# Visual Studio Version 16
VisualStudioVersion = 16.0.30413.136
MinimumVisualStudioVersion = 10.0.40219.1
Project("{2150E333-8FDC-42A3-9474-1A3956D46DE8}") = "Solution Items", "Solution Items", "{0119D1D2-F96E-4199-920C-A140FFE1724E}"
	ProjectSection(SolutionItems) = preProject
		TEST\EmptyTextFile.txt = TEST\EmptyTextFile.txt
		readme.txt = readme.txt
	EndProjectSection
EndProject
Project("{9A19103F-16F7-4668-BE54-9A1E7A4F7556}") = "TEST", "TEST\TEST.csproj", "{8815AAAD-4834-4EE7-8012-A17D2E0BA3AF}"
EndProject
Project("{2150E333-8FDC-42A3-9474-1A3956D46DE8}") = "1. September", "1. September", "{27C534BC-4C7C-417D-97D7-C2437A6E2088}"
EndProject
Project("{9A19103F-16F7-4668-BE54-9A1E7A4F7556}") = "11.10828-1", "11.10828-1\11.10828-1.csproj", "{E113B493-DAED-4AD7-B5DA-B0747BAF925B}"
EndProject
Project("{9A19103F-16F7-4668-BE54-9A1E7A4F7556}") = "11.10410 - 1", "11.10410 - 1\11.10410 - 1.csproj", "{B05F3F1B-60EF-436B-A67C-27C2898DD030}"
EndProject
Project("{9A19103F-16F7-4668-BE54-9A1E7A4F7556}") = "Ex 11.11210 Teachers and Schools", "Ex 11.11210 Teachers and Schools\Ex 11.11210 Teachers and Schools.csproj", "{813B9B1B-DE90-46CE-BFB4-55DC04E606D2}"
EndProject
Project("{9A19103F-16F7-4668-BE54-9A1E7A4F7556}") = "Ex 11.11411 All Numbers", "Ex 11.11411 All Numbers\Ex 11.11411 All Numbers.csproj", "{8FB6F3AF-C105-4A45-A0B3-E61247F8224D}"
EndProject
Project("{FAE04EC0-301F-11D3-BF4B-00C04F79EFBC}") = "TheWinner", "TheWinner\TheWinner.csproj", "{01942A61-92D2-494B-8D5D-C1654D1112EB}"
EndProject
Project("{FAE04EC0-301F-11D3-BF4B-00C04F79EFBC}") = "Ex-11.11220-Mall-and-Shops", "Ex-11.11220-Mall-and-Shops\Ex-11.11220-Mall-and-Shops.csproj", "{D02A2E73-4071-4A9E-852A-BBF1CB1E8E63}"
EndProject
Project("{FAE04EC0-301F-11D3-BF4B-00C04F79EFBC}") = "Ex-11.11255-California-Fires", "Ex-11.11255-California-Fires\Ex-11.11255-California-Fires.csproj", "{A6416306-8A0B-4F96-AB1E-4F112577136F}"
EndProject
Project("{FAE04EC0-301F-11D3-BF4B-00C04F79EFBC}") = "Oran_question", "Oran_question\Oran_question.csproj", "{9B059B27-3829-4A90-9993-591A933C72AA}"
EndProject
Project("{2150E333-8FDC-42A3-9474-1A3956D46DE8}") = "From Home", "From Home", "{DBE81F11-85CE-442D-A04B-413298F6576F}"
EndProject
Project("{FAE04EC0-301F-11D3-BF4B-00C04F79EFBC}") = "11.12140", "11.12140\11.12140.csproj", "{8CA6D4F3-ADE5-4338-93C0-D79455C58C6A}"
EndProject
Project("{2150E333-8FDC-42A3-9474-1A3956D46DE8}") = "2. October", "2. October", "{20037EB8-1B50-4006-AD3C-7538FA782194}"
EndProject
Project("{FAE04EC0-301F-11D3-BF4B-00C04F79EFBC}") = "stack_test", "stack_test\stack_test.csproj", "{C750DD84-131F-43E9-A3BD-3CA5D005281F}"
EndProject
Project("{FAE04EC0-301F-11D3-BF4B-00C04F79EFBC}") = "11.13121", "stack_test\11.13121\11.13121.csproj", "{763B037F-4D8C-4C6A-B035-140554077BDE}"
EndProject
Project("{FAE04EC0-301F-11D3-BF4B-00C04F79EFBC}") = "11.13121.2", "stack_test\11.13121.2\11.13121.2.csproj", "{889D9A73-6532-4791-B1EB-2330C07267DB}"
EndProject
Project("{FAE04EC0-301F-11D3-BF4B-00C04F79EFBC}") = "11.13121.3", "stack_test\11.13121.3\11.13121.3.csproj", "{165D4538-000D-4CB5-BB8E-824D294892E4}"
EndProject
Project("{FAE04EC0-301F-11D3-BF4B-00C04F79EFBC}") = "Stack_bagrut_1", "stack_test\Stack_bagrut_1\Stack_bagrut_1.csproj", "{F14EDEB5-38DD-433A-87AD-679C99FFE9F4}"
EndProject
Project("{9A19103F-16F7-4668-BE54-9A1E7A4F7556}") = "Jumping dog", "Jumping dog\Jumping dog.csproj", "{30C03604-4AAE-4174-A5F4-9F5D4A6C005E}"
EndProject
Project("{FAE04EC0-301F-11D3-BF4B-00C04F79EFBC}") = "Ex11.14701", "Ex11.14701\Ex11.14701.csproj", "{30E458DF-D232-4B5A-8B53-672FB2FB78B7}"
EndProject
Project("{2150E333-8FDC-42A3-9474-1A3956D46DE8}") = "Test Prep", "Test Prep", "{8F6F0E4F-3AB9-4AE7-927F-52BBD924453B}"
EndProject
Project("{FAE04EC0-301F-11D3-BF4B-00C04F79EFBC}") = "11.1125", "11.1125\11.1125.csproj", "{6CA52C55-6851-4425-A037-66D7D3617D0B}"
EndProject
Project("{FAE04EC0-301F-11D3-BF4B-00C04F79EFBC}") = "11.13122.2q", "11.13122.2q\11.13122.2q.csproj", "{2CC9D7FB-08B5-4B2B-AFF5-90D01A2E47B8}"
EndProject
Project("{2150E333-8FDC-42A3-9474-1A3956D46DE8}") = "Tests", "Tests", "{7EEFCF39-B2D4-477B-9F5D-56EBD2896DD2}"
EndProject
Project("{FAE04EC0-301F-11D3-BF4B-00C04F79EFBC}") = "Test1", "Test1\Test1.csproj", "{80B48842-1BE7-4C7F-A750-354A433BD856}"
EndProject
Project("{2150E333-8FDC-42A3-9474-1A3956D46DE8}") = "3. November", "3. November", "{28B46D04-DBCE-4163-ACD3-98D146130328}"
EndProject
Project("{FAE04EC0-301F-11D3-BF4B-00C04F79EFBC}") = "Merge-Q", "Merge-Q\Merge-Q.csproj", "{C12FA38B-60C7-4CF8-B51D-6D92D4716B61}"
EndProject
Project("{FAE04EC0-301F-11D3-BF4B-00C04F79EFBC}") = "2-826-97", "Merge-Q\2-826-97\2-826-97.csproj", "{716C0065-9194-410C-86D8-B9B66E1DBDE0}"
EndProject
Project("{FAE04EC0-301F-11D3-BF4B-00C04F79EFBC}") = "111-3540", "Merge-Q\111-3540\111-3540.csproj", "{B8BC58D9-D182-4FC3-8188-2249F8C44E3B}"
EndProject
Project("{FAE04EC0-301F-11D3-BF4B-00C04F79EFBC}") = "11-13510", "Merge-Q\11-13510\11-13510.csproj", "{9583213C-42C1-4BFD-85C1-1EC120E9224B}"
EndProject
Project("{2150E333-8FDC-42A3-9474-1A3956D46DE8}") = "4. December", "4. December", "{1DA41AB3-D1E2-499F-A74B-98DF34258639}"
EndProject
Project("{FAE04EC0-301F-11D3-BF4B-00C04F79EFBC}") = "11-14801", "11-14801\11-14801.csproj", "{47E3B225-7D7C-43E9-AE91-DEA43DA265C1}"
EndProject
Project("{FAE04EC0-301F-11D3-BF4B-00C04F79EFBC}") = "NodeInt", "11-14801\NodeInt\NodeInt.csproj", "{1B53C117-A720-40CF-B98B-C4454ECB4544}"
EndProject
Project("{2150E333-8FDC-42A3-9474-1A3956D46DE8}") = "5. January", "5. January", "{858EC9B3-ED75-48BB-8B5A-3202C7AB7B27}"
EndProject
Project("{FAE04EC0-301F-11D3-BF4B-00C04F79EFBC}") = "StackInt", "StackInt\StackInt.csproj", "{DA5EECC6-3E75-4E7E-BCE1-2E513FC74C2A}"
EndProject
Project("{FAE04EC0-301F-11D3-BF4B-00C04F79EFBC}") = "Teamim22", "Teamim22\Teamim22.csproj", "{D77B8C44-8F5D-4E9F-AC59-019AC020E320}"
EndProject
Project("{2150E333-8FDC-42A3-9474-1A3956D46DE8}") = "Test", "Test", "{0D07F3DA-FF62-4515-94B9-3DC4C65FAFA3}"
EndProject
Project("{FAE04EC0-301F-11D3-BF4B-00C04F79EFBC}") = "Q5", "TEST\Q5\Q5.csproj", "{F0868751-01C9-470D-97E2-E6F53661BF07}"
EndProject
Project("{FAE04EC0-301F-11D3-BF4B-00C04F79EFBC}") = "Q6", "TEST\Q5\Q6\Q6.csproj", "{C55410DC-A342-45B4-9D68-261AC3966E37}"
EndProject
Project("{2150E333-8FDC-42A3-9474-1A3956D46DE8}") = "6. March", "6. March", "{26B9C719-5C83-45D6-9C1B-979CED653A6E}"
EndProject
Project("{FAE04EC0-301F-11D3-BF4B-00C04F79EFBC}") = "BuildListNeg", "BuildListNeg\BuildListNeg.csproj", "{9E556C2F-FD7D-4E1C-8DD1-6B28DE80A9DF}"
EndProject
Global
	GlobalSection(SolutionConfigurationPlatforms) = preSolution
		Debug|Any CPU = Debug|Any CPU
		Release|Any CPU = Release|Any CPU
	EndGlobalSection
	GlobalSection(ProjectConfigurationPlatforms) = postSolution
		{8815AAAD-4834-4EE7-8012-A17D2E0BA3AF}.Debug|Any CPU.ActiveCfg = Debug|Any CPU
		{8815AAAD-4834-4EE7-8012-A17D2E0BA3AF}.Debug|Any CPU.Build.0 = Debug|Any CPU
		{8815AAAD-4834-4EE7-8012-A17D2E0BA3AF}.Release|Any CPU.ActiveCfg = Release|Any CPU
		{8815AAAD-4834-4EE7-8012-A17D2E0BA3AF}.Release|Any CPU.Build.0 = Release|Any CPU
		{E113B493-DAED-4AD7-B5DA-B0747BAF925B}.Debug|Any CPU.ActiveCfg = Debug|Any CPU
		{E113B493-DAED-4AD7-B5DA-B0747BAF925B}.Debug|Any CPU.Build.0 = Debug|Any CPU
		{E113B493-DAED-4AD7-B5DA-B0747BAF925B}.Release|Any CPU.ActiveCfg = Release|Any CPU
		{E113B493-DAED-4AD7-B5DA-B0747BAF925B}.Release|Any CPU.Build.0 = Release|Any CPU
		{B05F3F1B-60EF-436B-A67C-27C2898DD030}.Debug|Any CPU.ActiveCfg = Debug|Any CPU
		{B05F3F1B-60EF-436B-A67C-27C2898DD030}.Debug|Any CPU.Build.0 = Debug|Any CPU
		{B05F3F1B-60EF-436B-A67C-27C2898DD030}.Release|Any CPU.ActiveCfg = Release|Any CPU
		{B05F3F1B-60EF-436B-A67C-27C2898DD030}.Release|Any CPU.Build.0 = Release|Any CPU
		{813B9B1B-DE90-46CE-BFB4-55DC04E606D2}.Debug|Any CPU.ActiveCfg = Debug|Any CPU
		{813B9B1B-DE90-46CE-BFB4-55DC04E606D2}.Debug|Any CPU.Build.0 = Debug|Any CPU
		{813B9B1B-DE90-46CE-BFB4-55DC04E606D2}.Release|Any CPU.ActiveCfg = Release|Any CPU
		{813B9B1B-DE90-46CE-BFB4-55DC04E606D2}.Release|Any CPU.Build.0 = Release|Any CPU
		{8FB6F3AF-C105-4A45-A0B3-E61247F8224D}.Debug|Any CPU.ActiveCfg = Debug|Any CPU
		{8FB6F3AF-C105-4A45-A0B3-E61247F8224D}.Debug|Any CPU.Build.0 = Debug|Any CPU
		{8FB6F3AF-C105-4A45-A0B3-E61247F8224D}.Release|Any CPU.ActiveCfg = Release|Any CPU
		{8FB6F3AF-C105-4A45-A0B3-E61247F8224D}.Release|Any CPU.Build.0 = Release|Any CPU
		{01942A61-92D2-494B-8D5D-C1654D1112EB}.Debug|Any CPU.ActiveCfg = Debug|Any CPU
		{01942A61-92D2-494B-8D5D-C1654D1112EB}.Debug|Any CPU.Build.0 = Debug|Any CPU
		{01942A61-92D2-494B-8D5D-C1654D1112EB}.Release|Any CPU.ActiveCfg = Release|Any CPU
		{01942A61-92D2-494B-8D5D-C1654D1112EB}.Release|Any CPU.Build.0 = Release|Any CPU
		{D02A2E73-4071-4A9E-852A-BBF1CB1E8E63}.Debug|Any CPU.ActiveCfg = Debug|Any CPU
		{D02A2E73-4071-4A9E-852A-BBF1CB1E8E63}.Debug|Any CPU.Build.0 = Debug|Any CPU
		{D02A2E73-4071-4A9E-852A-BBF1CB1E8E63}.Release|Any CPU.ActiveCfg = Release|Any CPU
		{D02A2E73-4071-4A9E-852A-BBF1CB1E8E63}.Release|Any CPU.Build.0 = Release|Any CPU
		{A6416306-8A0B-4F96-AB1E-4F112577136F}.Debug|Any CPU.ActiveCfg = Debug|Any CPU
		{A6416306-8A0B-4F96-AB1E-4F112577136F}.Debug|Any CPU.Build.0 = Debug|Any CPU
		{A6416306-8A0B-4F96-AB1E-4F112577136F}.Release|Any CPU.ActiveCfg = Release|Any CPU
		{A6416306-8A0B-4F96-AB1E-4F112577136F}.Release|Any CPU.Build.0 = Release|Any CPU
		{9B059B27-3829-4A90-9993-591A933C72AA}.Debug|Any CPU.ActiveCfg = Debug|Any CPU
		{9B059B27-3829-4A90-9993-591A933C72AA}.Debug|Any CPU.Build.0 = Debug|Any CPU
		{9B059B27-3829-4A90-9993-591A933C72AA}.Release|Any CPU.ActiveCfg = Release|Any CPU
		{9B059B27-3829-4A90-9993-591A933C72AA}.Release|Any CPU.Build.0 = Release|Any CPU
		{8CA6D4F3-ADE5-4338-93C0-D79455C58C6A}.Debug|Any CPU.ActiveCfg = Debug|Any CPU
		{8CA6D4F3-ADE5-4338-93C0-D79455C58C6A}.Debug|Any CPU.Build.0 = Debug|Any CPU
		{8CA6D4F3-ADE5-4338-93C0-D79455C58C6A}.Release|Any CPU.ActiveCfg = Release|Any CPU
		{8CA6D4F3-ADE5-4338-93C0-D79455C58C6A}.Release|Any CPU.Build.0 = Release|Any CPU
		{C750DD84-131F-43E9-A3BD-3CA5D005281F}.Debug|Any CPU.ActiveCfg = Debug|Any CPU
		{C750DD84-131F-43E9-A3BD-3CA5D005281F}.Debug|Any CPU.Build.0 = Debug|Any CPU
		{C750DD84-131F-43E9-A3BD-3CA5D005281F}.Release|Any CPU.ActiveCfg = Release|Any CPU
		{C750DD84-131F-43E9-A3BD-3CA5D005281F}.Release|Any CPU.Build.0 = Release|Any CPU
		{763B037F-4D8C-4C6A-B035-140554077BDE}.Debug|Any CPU.ActiveCfg = Debug|Any CPU
		{763B037F-4D8C-4C6A-B035-140554077BDE}.Debug|Any CPU.Build.0 = Debug|Any CPU
		{763B037F-4D8C-4C6A-B035-140554077BDE}.Release|Any CPU.ActiveCfg = Release|Any CPU
		{763B037F-4D8C-4C6A-B035-140554077BDE}.Release|Any CPU.Build.0 = Release|Any CPU
		{889D9A73-6532-4791-B1EB-2330C07267DB}.Debug|Any CPU.ActiveCfg = Debug|Any CPU
		{889D9A73-6532-4791-B1EB-2330C07267DB}.Debug|Any CPU.Build.0 = Debug|Any CPU
		{889D9A73-6532-4791-B1EB-2330C07267DB}.Release|Any CPU.ActiveCfg = Release|Any CPU
		{889D9A73-6532-4791-B1EB-2330C07267DB}.Release|Any CPU.Build.0 = Release|Any CPU
		{165D4538-000D-4CB5-BB8E-824D294892E4}.Debug|Any CPU.ActiveCfg = Debug|Any CPU
		{165D4538-000D-4CB5-BB8E-824D294892E4}.Debug|Any CPU.Build.0 = Debug|Any CPU
		{165D4538-000D-4CB5-BB8E-824D294892E4}.Release|Any CPU.ActiveCfg = Release|Any CPU
		{165D4538-000D-4CB5-BB8E-824D294892E4}.Release|Any CPU.Build.0 = Release|Any CPU
		{F14EDEB5-38DD-433A-87AD-679C99FFE9F4}.Debug|Any CPU.ActiveCfg = Debug|Any CPU
		{F14EDEB5-38DD-433A-87AD-679C99FFE9F4}.Debug|Any CPU.Build.0 = Debug|Any CPU
		{F14EDEB5-38DD-433A-87AD-679C99FFE9F4}.Release|Any CPU.ActiveCfg = Release|Any CPU
		{F14EDEB5-38DD-433A-87AD-679C99FFE9F4}.Release|Any CPU.Build.0 = Release|Any CPU
		{30C03604-4AAE-4174-A5F4-9F5D4A6C005E}.Debug|Any CPU.ActiveCfg = Debug|Any CPU
		{30C03604-4AAE-4174-A5F4-9F5D4A6C005E}.Debug|Any CPU.Build.0 = Debug|Any CPU
		{30C03604-4AAE-4174-A5F4-9F5D4A6C005E}.Release|Any CPU.ActiveCfg = Release|Any CPU
		{30C03604-4AAE-4174-A5F4-9F5D4A6C005E}.Release|Any CPU.Build.0 = Release|Any CPU
		{30E458DF-D232-4B5A-8B53-672FB2FB78B7}.Debug|Any CPU.ActiveCfg = Debug|Any CPU
		{30E458DF-D232-4B5A-8B53-672FB2FB78B7}.Debug|Any CPU.Build.0 = Debug|Any CPU
		{30E458DF-D232-4B5A-8B53-672FB2FB78B7}.Release|Any CPU.ActiveCfg = Release|Any CPU
		{30E458DF-D232-4B5A-8B53-672FB2FB78B7}.Release|Any CPU.Build.0 = Release|Any CPU
		{6CA52C55-6851-4425-A037-66D7D3617D0B}.Debug|Any CPU.ActiveCfg = Debug|Any CPU
		{6CA52C55-6851-4425-A037-66D7D3617D0B}.Debug|Any CPU.Build.0 = Debug|Any CPU
		{6CA52C55-6851-4425-A037-66D7D3617D0B}.Release|Any CPU.ActiveCfg = Release|Any CPU
		{6CA52C55-6851-4425-A037-66D7D3617D0B}.Release|Any CPU.Build.0 = Release|Any CPU
		{2CC9D7FB-08B5-4B2B-AFF5-90D01A2E47B8}.Debug|Any CPU.ActiveCfg = Debug|Any CPU
		{2CC9D7FB-08B5-4B2B-AFF5-90D01A2E47B8}.Debug|Any CPU.Build.0 = Debug|Any CPU
		{2CC9D7FB-08B5-4B2B-AFF5-90D01A2E47B8}.Release|Any CPU.ActiveCfg = Release|Any CPU
		{2CC9D7FB-08B5-4B2B-AFF5-90D01A2E47B8}.Release|Any CPU.Build.0 = Release|Any CPU
		{80B48842-1BE7-4C7F-A750-354A433BD856}.Debug|Any CPU.ActiveCfg = Debug|Any CPU
		{80B48842-1BE7-4C7F-A750-354A433BD856}.Debug|Any CPU.Build.0 = Debug|Any CPU
		{80B48842-1BE7-4C7F-A750-354A433BD856}.Release|Any CPU.ActiveCfg = Release|Any CPU
		{80B48842-1BE7-4C7F-A750-354A433BD856}.Release|Any CPU.Build.0 = Release|Any CPU
		{C12FA38B-60C7-4CF8-B51D-6D92D4716B61}.Debug|Any CPU.ActiveCfg = Debug|Any CPU
		{C12FA38B-60C7-4CF8-B51D-6D92D4716B61}.Debug|Any CPU.Build.0 = Debug|Any CPU
		{C12FA38B-60C7-4CF8-B51D-6D92D4716B61}.Release|Any CPU.ActiveCfg = Release|Any CPU
		{C12FA38B-60C7-4CF8-B51D-6D92D4716B61}.Release|Any CPU.Build.0 = Release|Any CPU
		{716C0065-9194-410C-86D8-B9B66E1DBDE0}.Debug|Any CPU.ActiveCfg = Debug|Any CPU
		{716C0065-9194-410C-86D8-B9B66E1DBDE0}.Debug|Any CPU.Build.0 = Debug|Any CPU
		{716C0065-9194-410C-86D8-B9B66E1DBDE0}.Release|Any CPU.ActiveCfg = Release|Any CPU
		{716C0065-9194-410C-86D8-B9B66E1DBDE0}.Release|Any CPU.Build.0 = Release|Any CPU
		{B8BC58D9-D182-4FC3-8188-2249F8C44E3B}.Debug|Any CPU.ActiveCfg = Debug|Any CPU
		{B8BC58D9-D182-4FC3-8188-2249F8C44E3B}.Debug|Any CPU.Build.0 = Debug|Any CPU
		{B8BC58D9-D182-4FC3-8188-2249F8C44E3B}.Release|Any CPU.ActiveCfg = Release|Any CPU
		{B8BC58D9-D182-4FC3-8188-2249F8C44E3B}.Release|Any CPU.Build.0 = Release|Any CPU
		{9583213C-42C1-4BFD-85C1-1EC120E9224B}.Debug|Any CPU.ActiveCfg = Debug|Any CPU
		{9583213C-42C1-4BFD-85C1-1EC120E9224B}.Debug|Any CPU.Build.0 = Debug|Any CPU
		{9583213C-42C1-4BFD-85C1-1EC120E9224B}.Release|Any CPU.ActiveCfg = Release|Any CPU
		{9583213C-42C1-4BFD-85C1-1EC120E9224B}.Release|Any CPU.Build.0 = Release|Any CPU
		{47E3B225-7D7C-43E9-AE91-DEA43DA265C1}.Debug|Any CPU.ActiveCfg = Debug|Any CPU
		{47E3B225-7D7C-43E9-AE91-DEA43DA265C1}.Debug|Any CPU.Build.0 = Debug|Any CPU
		{47E3B225-7D7C-43E9-AE91-DEA43DA265C1}.Release|Any CPU.ActiveCfg = Release|Any CPU
		{47E3B225-7D7C-43E9-AE91-DEA43DA265C1}.Release|Any CPU.Build.0 = Release|Any CPU
		{1B53C117-A720-40CF-B98B-C4454ECB4544}.Debug|Any CPU.ActiveCfg = Debug|Any CPU
		{1B53C117-A720-40CF-B98B-C4454ECB4544}.Debug|Any CPU.Build.0 = Debug|Any CPU
		{1B53C117-A720-40CF-B98B-C4454ECB4544}.Release|Any CPU.ActiveCfg = Release|Any CPU
		{1B53C117-A720-40CF-B98B-C4454ECB4544}.Release|Any CPU.Build.0 = Release|Any CPU
		{DA5EECC6-3E75-4E7E-BCE1-2E513FC74C2A}.Debug|Any CPU.ActiveCfg = Debug|Any CPU
		{DA5EECC6-3E75-4E7E-BCE1-2E513FC74C2A}.Debug|Any CPU.Build.0 = Debug|Any CPU
		{DA5EECC6-3E75-4E7E-BCE1-2E513FC74C2A}.Release|Any CPU.ActiveCfg = Release|Any CPU
		{DA5EECC6-3E75-4E7E-BCE1-2E513FC74C2A}.Release|Any CPU.Build.0 = Release|Any CPU
		{D77B8C44-8F5D-4E9F-AC59-019AC020E320}.Debug|Any CPU.ActiveCfg = Debug|Any CPU
		{D77B8C44-8F5D-4E9F-AC59-019AC020E320}.Debug|Any CPU.Build.0 = Debug|Any CPU
		{D77B8C44-8F5D-4E9F-AC59-019AC020E320}.Release|Any CPU.ActiveCfg = Release|Any CPU
		{D77B8C44-8F5D-4E9F-AC59-019AC020E320}.Release|Any CPU.Build.0 = Release|Any CPU
		{F0868751-01C9-470D-97E2-E6F53661BF07}.Debug|Any CPU.ActiveCfg = Debug|Any CPU
		{F0868751-01C9-470D-97E2-E6F53661BF07}.Debug|Any CPU.Build.0 = Debug|Any CPU
		{F0868751-01C9-470D-97E2-E6F53661BF07}.Release|Any CPU.ActiveCfg = Release|Any CPU
		{F0868751-01C9-470D-97E2-E6F53661BF07}.Release|Any CPU.Build.0 = Release|Any CPU
		{C55410DC-A342-45B4-9D68-261AC3966E37}.Debug|Any CPU.ActiveCfg = Debug|Any CPU
		{C55410DC-A342-45B4-9D68-261AC3966E37}.Debug|Any CPU.Build.0 = Debug|Any CPU
		{C55410DC-A342-45B4-9D68-261AC3966E37}.Release|Any CPU.ActiveCfg = Release|Any CPU
		{C55410DC-A342-45B4-9D68-261AC3966E37}.Release|Any CPU.Build.0 = Release|Any CPU
		{9E556C2F-FD7D-4E1C-8DD1-6B28DE80A9DF}.Debug|Any CPU.ActiveCfg = Debug|Any CPU
		{9E556C2F-FD7D-4E1C-8DD1-6B28DE80A9DF}.Debug|Any CPU.Build.0 = Debug|Any CPU
		{9E556C2F-FD7D-4E1C-8DD1-6B28DE80A9DF}.Release|Any CPU.ActiveCfg = Release|Any CPU
		{9E556C2F-FD7D-4E1C-8DD1-6B28DE80A9DF}.Release|Any CPU.Build.0 = Release|Any CPU
	EndGlobalSection
	GlobalSection(SolutionProperties) = preSolution
		HideSolutionNode = FALSE
	EndGlobalSection
	GlobalSection(NestedProjects) = preSolution
		{8815AAAD-4834-4EE7-8012-A17D2E0BA3AF} = {0119D1D2-F96E-4199-920C-A140FFE1724E}
		{E113B493-DAED-4AD7-B5DA-B0747BAF925B} = {27C534BC-4C7C-417D-97D7-C2437A6E2088}
		{B05F3F1B-60EF-436B-A67C-27C2898DD030} = {27C534BC-4C7C-417D-97D7-C2437A6E2088}
		{813B9B1B-DE90-46CE-BFB4-55DC04E606D2} = {27C534BC-4C7C-417D-97D7-C2437A6E2088}
		{8FB6F3AF-C105-4A45-A0B3-E61247F8224D} = {27C534BC-4C7C-417D-97D7-C2437A6E2088}
		{01942A61-92D2-494B-8D5D-C1654D1112EB} = {27C534BC-4C7C-417D-97D7-C2437A6E2088}
		{D02A2E73-4071-4A9E-852A-BBF1CB1E8E63} = {27C534BC-4C7C-417D-97D7-C2437A6E2088}
		{A6416306-8A0B-4F96-AB1E-4F112577136F} = {27C534BC-4C7C-417D-97D7-C2437A6E2088}
		{9B059B27-3829-4A90-9993-591A933C72AA} = {27C534BC-4C7C-417D-97D7-C2437A6E2088}
		{DBE81F11-85CE-442D-A04B-413298F6576F} = {27C534BC-4C7C-417D-97D7-C2437A6E2088}
		{8CA6D4F3-ADE5-4338-93C0-D79455C58C6A} = {DBE81F11-85CE-442D-A04B-413298F6576F}
		{C750DD84-131F-43E9-A3BD-3CA5D005281F} = {20037EB8-1B50-4006-AD3C-7538FA782194}
		{763B037F-4D8C-4C6A-B035-140554077BDE} = {20037EB8-1B50-4006-AD3C-7538FA782194}
		{889D9A73-6532-4791-B1EB-2330C07267DB} = {20037EB8-1B50-4006-AD3C-7538FA782194}
		{165D4538-000D-4CB5-BB8E-824D294892E4} = {20037EB8-1B50-4006-AD3C-7538FA782194}
		{F14EDEB5-38DD-433A-87AD-679C99FFE9F4} = {20037EB8-1B50-4006-AD3C-7538FA782194}
		{30C03604-4AAE-4174-A5F4-9F5D4A6C005E} = {20037EB8-1B50-4006-AD3C-7538FA782194}
		{30E458DF-D232-4B5A-8B53-672FB2FB78B7} = {20037EB8-1B50-4006-AD3C-7538FA782194}
		{6CA52C55-6851-4425-A037-66D7D3617D0B} = {8F6F0E4F-3AB9-4AE7-927F-52BBD924453B}
		{2CC9D7FB-08B5-4B2B-AFF5-90D01A2E47B8} = {8F6F0E4F-3AB9-4AE7-927F-52BBD924453B}
		{80B48842-1BE7-4C7F-A750-354A433BD856} = {7EEFCF39-B2D4-477B-9F5D-56EBD2896DD2}
		{C12FA38B-60C7-4CF8-B51D-6D92D4716B61} = {28B46D04-DBCE-4163-ACD3-98D146130328}
		{716C0065-9194-410C-86D8-B9B66E1DBDE0} = {28B46D04-DBCE-4163-ACD3-98D146130328}
		{B8BC58D9-D182-4FC3-8188-2249F8C44E3B} = {28B46D04-DBCE-4163-ACD3-98D146130328}
		{9583213C-42C1-4BFD-85C1-1EC120E9224B} = {28B46D04-DBCE-4163-ACD3-98D146130328}
		{47E3B225-7D7C-43E9-AE91-DEA43DA265C1} = {1DA41AB3-D1E2-499F-A74B-98DF34258639}
		{1B53C117-A720-40CF-B98B-C4454ECB4544} = {1DA41AB3-D1E2-499F-A74B-98DF34258639}
		{DA5EECC6-3E75-4E7E-BCE1-2E513FC74C2A} = {858EC9B3-ED75-48BB-8B5A-3202C7AB7B27}
		{D77B8C44-8F5D-4E9F-AC59-019AC020E320} = {8F6F0E4F-3AB9-4AE7-927F-52BBD924453B}
		{F0868751-01C9-470D-97E2-E6F53661BF07} = {0D07F3DA-FF62-4515-94B9-3DC4C65FAFA3}
		{C55410DC-A342-45B4-9D68-261AC3966E37} = {0D07F3DA-FF62-4515-94B9-3DC4C65FAFA3}
		{9E556C2F-FD7D-4E1C-8DD1-6B28DE80A9DF} = {26B9C719-5C83-45D6-9C1B-979CED653A6E}
	EndGlobalSection
	GlobalSection(ExtensibilityGlobals) = postSolution
		SolutionGuid = {4F2ABDD1-015E-4EEA-AFED-FE798B4D3165}
	EndGlobalSection
EndGlobal
