
Microsoft Visual Studio Solution File, Format Version 12.00
# Visual Studio Version 16
VisualStudioVersion = 16.0.30413.136
MinimumVisualStudioVersion = 10.0.40219.1
Project("{2150E333-8FDC-42A3-9474-1A3956D46DE8}") = "Solution Items", "Solution Items", "{0119D1D2-F96E-4199-920C-A140FFE1724E}"
	ProjectSection(SolutionItems) = preProject
		readme.txt = readme.txt
	EndProjectSection
EndProject
Project("{9A19103F-16F7-4668-BE54-9A1E7A4F7556}") = "TEST", "TEST\TEST.csproj", "{8815AAAD-4834-4EE7-8012-A17D2E0BA3AF}"
EndProject
Project("{2150E333-8FDC-42A3-9474-1A3956D46DE8}") = "September", "September", "{27C534BC-4C7C-417D-97D7-C2437A6E2088}"
EndProject
Project("{2150E333-8FDC-42A3-9474-1A3956D46DE8}") = "3.9", "3.9", "{56FAFEAE-BA15-48FD-9166-87020223271C}"
EndProject
Project("{FAE04EC0-301F-11D3-BF4B-00C04F79EFBC}") = "11.10828-1", "11.10828-1\11.10828-1.csproj", "{E113B493-DAED-4AD7-B5DA-B0747BAF925B}"
EndProject
Global
	GlobalSection(SolutionConfigurationPlatforms) = preSolution
		Debug|Any CPU = Debug|Any CPU
		Release|Any CPU = Release|Any CPU
	EndGlobalSection
	GlobalSection(ProjectConfigurationPlatforms) = postSolution
		{8815AAAD-4834-4EE7-8012-A17D2E0BA3AF}.Debug|Any CPU.ActiveCfg = Debug|Any CPU
		{8815AAAD-4834-4EE7-8012-A17D2E0BA3AF}.Debug|Any CPU.Build.0 = Debug|Any CPU
		{8815AAAD-4834-4EE7-8012-A17D2E0BA3AF}.Release|Any CPU.ActiveCfg = Release|Any CPU
		{8815AAAD-4834-4EE7-8012-A17D2E0BA3AF}.Release|Any CPU.Build.0 = Release|Any CPU
		{E113B493-DAED-4AD7-B5DA-B0747BAF925B}.Debug|Any CPU.ActiveCfg = Debug|Any CPU
		{E113B493-DAED-4AD7-B5DA-B0747BAF925B}.Debug|Any CPU.Build.0 = Debug|Any CPU
		{E113B493-DAED-4AD7-B5DA-B0747BAF925B}.Release|Any CPU.ActiveCfg = Release|Any CPU
		{E113B493-DAED-4AD7-B5DA-B0747BAF925B}.Release|Any CPU.Build.0 = Release|Any CPU
	EndGlobalSection
	GlobalSection(SolutionProperties) = preSolution
		HideSolutionNode = FALSE
	EndGlobalSection
	GlobalSection(NestedProjects) = preSolution
		{8815AAAD-4834-4EE7-8012-A17D2E0BA3AF} = {0119D1D2-F96E-4199-920C-A140FFE1724E}
		{56FAFEAE-BA15-48FD-9166-87020223271C} = {27C534BC-4C7C-417D-97D7-C2437A6E2088}
		{E113B493-DAED-4AD7-B5DA-B0747BAF925B} = {56FAFEAE-BA15-48FD-9166-87020223271C}
	EndGlobalSection
	GlobalSection(ExtensibilityGlobals) = postSolution
		SolutionGuid = {4F2ABDD1-015E-4EEA-AFED-FE798B4D3165}
	EndGlobalSection
EndGlobal
