
Microsoft Visual Studio Solution File, Format Version 12.00
# Visual Studio Version 16
VisualStudioVersion = 16.0.30413.136
MinimumVisualStudioVersion = 10.0.40219.1
Project("{2150E333-8FDC-42A3-9474-1A3956D46DE8}") = "Solution Items", "Solution Items", "{0119D1D2-F96E-4199-920C-A140FFE1724E}"
	ProjectSection(SolutionItems) = preProject
		TEST\EmptyTextFile.txt = TEST\EmptyTextFile.txt
		readme.txt = readme.txt
	EndProjectSection
EndProject
Project("{9A19103F-16F7-4668-BE54-9A1E7A4F7556}") = "TEST", "TEST\TEST.csproj", "{8815AAAD-4834-4EE7-8012-A17D2E0BA3AF}"
EndProject
Project("{2150E333-8FDC-42A3-9474-1A3956D46DE8}") = "1. September", "1. September", "{27C534BC-4C7C-417D-97D7-C2437A6E2088}"
EndProject
Project("{9A19103F-16F7-4668-BE54-9A1E7A4F7556}") = "11.10828-1", "11.10828-1\11.10828-1.csproj", "{E113B493-DAED-4AD7-B5DA-B0747BAF925B}"
EndProject
Project("{9A19103F-16F7-4668-BE54-9A1E7A4F7556}") = "11.10410 - 1", "11.10410 - 1\11.10410 - 1.csproj", "{B05F3F1B-60EF-436B-A67C-27C2898DD030}"
EndProject
Project("{9A19103F-16F7-4668-BE54-9A1E7A4F7556}") = "Ex 11.11210 Teachers and Schools", "Ex 11.11210 Teachers and Schools\Ex 11.11210 Teachers and Schools.csproj", "{813B9B1B-DE90-46CE-BFB4-55DC04E606D2}"
EndProject
Project("{9A19103F-16F7-4668-BE54-9A1E7A4F7556}") = "Ex 11.11411 All Numbers", "Ex 11.11411 All Numbers\Ex 11.11411 All Numbers.csproj", "{8FB6F3AF-C105-4A45-A0B3-E61247F8224D}"
EndProject
Project("{FAE04EC0-301F-11D3-BF4B-00C04F79EFBC}") = "TheWinner", "TheWinner\TheWinner.csproj", "{01942A61-92D2-494B-8D5D-C1654D1112EB}"
EndProject
Project("{FAE04EC0-301F-11D3-BF4B-00C04F79EFBC}") = "Ex-11.11220-Mall-and-Shops", "Ex-11.11220-Mall-and-Shops\Ex-11.11220-Mall-and-Shops.csproj", "{D02A2E73-4071-4A9E-852A-BBF1CB1E8E63}"
EndProject
Project("{FAE04EC0-301F-11D3-BF4B-00C04F79EFBC}") = "Ex-11.11255-California-Fires", "Ex-11.11255-California-Fires\Ex-11.11255-California-Fires.csproj", "{A6416306-8A0B-4F96-AB1E-4F112577136F}"
EndProject
Project("{FAE04EC0-301F-11D3-BF4B-00C04F79EFBC}") = "Oran_question", "Oran_question\Oran_question.csproj", "{9B059B27-3829-4A90-9993-591A933C72AA}"
EndProject
Project("{2150E333-8FDC-42A3-9474-1A3956D46DE8}") = "From Home", "From Home", "{DBE81F11-85CE-442D-A04B-413298F6576F}"
EndProject
Project("{FAE04EC0-301F-11D3-BF4B-00C04F79EFBC}") = "11.12140", "11.12140\11.12140.csproj", "{8CA6D4F3-ADE5-4338-93C0-D79455C58C6A}"
EndProject
Project("{2150E333-8FDC-42A3-9474-1A3956D46DE8}") = "2. October", "2. October", "{20037EB8-1B50-4006-AD3C-7538FA782194}"
EndProject
Project("{FAE04EC0-301F-11D3-BF4B-00C04F79EFBC}") = "stack_test", "stack_test\stack_test.csproj", "{C750DD84-131F-43E9-A3BD-3CA5D005281F}"
EndProject
Project("{FAE04EC0-301F-11D3-BF4B-00C04F79EFBC}") = "11.13121", "stack_test\11.13121\11.13121.csproj", "{763B037F-4D8C-4C6A-B035-140554077BDE}"
EndProject
Project("{FAE04EC0-301F-11D3-BF4B-00C04F79EFBC}") = "11.13121.2", "stack_test\11.13121.2\11.13121.2.csproj", "{889D9A73-6532-4791-B1EB-2330C07267DB}"
EndProject
Project("{FAE04EC0-301F-11D3-BF4B-00C04F79EFBC}") = "11.13121.3", "stack_test\11.13121.3\11.13121.3.csproj", "{165D4538-000D-4CB5-BB8E-824D294892E4}"
EndProject
Project("{FAE04EC0-301F-11D3-BF4B-00C04F79EFBC}") = "Stack_bagrut_1", "stack_test\Stack_bagrut_1\Stack_bagrut_1.csproj", "{F14EDEB5-38DD-433A-87AD-679C99FFE9F4}"
EndProject
Project("{FAE04EC0-301F-11D3-BF4B-00C04F79EFBC}") = "Jumping dog", "Jumping dog\Jumping dog.csproj", "{30C03604-4AAE-4174-A5F4-9F5D4A6C005E}"
EndProject
Global
	GlobalSection(SolutionConfigurationPlatforms) = preSolution
		Debug|Any CPU = Debug|Any CPU
		Release|Any CPU = Release|Any CPU
	EndGlobalSection
	GlobalSection(ProjectConfigurationPlatforms) = postSolution
		{8815AAAD-4834-4EE7-8012-A17D2E0BA3AF}.Debug|Any CPU.ActiveCfg = Debug|Any CPU
		{8815AAAD-4834-4EE7-8012-A17D2E0BA3AF}.Debug|Any CPU.Build.0 = Debug|Any CPU
		{8815AAAD-4834-4EE7-8012-A17D2E0BA3AF}.Release|Any CPU.ActiveCfg = Release|Any CPU
		{8815AAAD-4834-4EE7-8012-A17D2E0BA3AF}.Release|Any CPU.Build.0 = Release|Any CPU
		{E113B493-DAED-4AD7-B5DA-B0747BAF925B}.Debug|Any CPU.ActiveCfg = Debug|Any CPU
		{E113B493-DAED-4AD7-B5DA-B0747BAF925B}.Debug|Any CPU.Build.0 = Debug|Any CPU
		{E113B493-DAED-4AD7-B5DA-B0747BAF925B}.Release|Any CPU.ActiveCfg = Release|Any CPU
		{E113B493-DAED-4AD7-B5DA-B0747BAF925B}.Release|Any CPU.Build.0 = Release|Any CPU
		{B05F3F1B-60EF-436B-A67C-27C2898DD030}.Debug|Any CPU.ActiveCfg = Debug|Any CPU
		{B05F3F1B-60EF-436B-A67C-27C2898DD030}.Debug|Any CPU.Build.0 = Debug|Any CPU
		{B05F3F1B-60EF-436B-A67C-27C2898DD030}.Release|Any CPU.ActiveCfg = Release|Any CPU
		{B05F3F1B-60EF-436B-A67C-27C2898DD030}.Release|Any CPU.Build.0 = Release|Any CPU
		{813B9B1B-DE90-46CE-BFB4-55DC04E606D2}.Debug|Any CPU.ActiveCfg = Debug|Any CPU
		{813B9B1B-DE90-46CE-BFB4-55DC04E606D2}.Debug|Any CPU.Build.0 = Debug|Any CPU
		{813B9B1B-DE90-46CE-BFB4-55DC04E606D2}.Release|Any CPU.ActiveCfg = Release|Any CPU
		{813B9B1B-DE90-46CE-BFB4-55DC04E606D2}.Release|Any CPU.Build.0 = Release|Any CPU
		{8FB6F3AF-C105-4A45-A0B3-E61247F8224D}.Debug|Any CPU.ActiveCfg = Debug|Any CPU
		{8FB6F3AF-C105-4A45-A0B3-E61247F8224D}.Debug|Any CPU.Build.0 = Debug|Any CPU
		{8FB6F3AF-C105-4A45-A0B3-E61247F8224D}.Release|Any CPU.ActiveCfg = Release|Any CPU
		{8FB6F3AF-C105-4A45-A0B3-E61247F8224D}.Release|Any CPU.Build.0 = Release|Any CPU
		{01942A61-92D2-494B-8D5D-C1654D1112EB}.Debug|Any CPU.ActiveCfg = Debug|Any CPU
		{01942A61-92D2-494B-8D5D-C1654D1112EB}.Debug|Any CPU.Build.0 = Debug|Any CPU
		{01942A61-92D2-494B-8D5D-C1654D1112EB}.Release|Any CPU.ActiveCfg = Release|Any CPU
		{01942A61-92D2-494B-8D5D-C1654D1112EB}.Release|Any CPU.Build.0 = Release|Any CPU
		{D02A2E73-4071-4A9E-852A-BBF1CB1E8E63}.Debug|Any CPU.ActiveCfg = Debug|Any CPU
		{D02A2E73-4071-4A9E-852A-BBF1CB1E8E63}.Debug|Any CPU.Build.0 = Debug|Any CPU
		{D02A2E73-4071-4A9E-852A-BBF1CB1E8E63}.Release|Any CPU.ActiveCfg = Release|Any CPU
		{D02A2E73-4071-4A9E-852A-BBF1CB1E8E63}.Release|Any CPU.Build.0 = Release|Any CPU
		{A6416306-8A0B-4F96-AB1E-4F112577136F}.Debug|Any CPU.ActiveCfg = Debug|Any CPU
		{A6416306-8A0B-4F96-AB1E-4F112577136F}.Debug|Any CPU.Build.0 = Debug|Any CPU
		{A6416306-8A0B-4F96-AB1E-4F112577136F}.Release|Any CPU.ActiveCfg = Release|Any CPU
		{A6416306-8A0B-4F96-AB1E-4F112577136F}.Release|Any CPU.Build.0 = Release|Any CPU
		{9B059B27-3829-4A90-9993-591A933C72AA}.Debug|Any CPU.ActiveCfg = Debug|Any CPU
		{9B059B27-3829-4A90-9993-591A933C72AA}.Debug|Any CPU.Build.0 = Debug|Any CPU
		{9B059B27-3829-4A90-9993-591A933C72AA}.Release|Any CPU.ActiveCfg = Release|Any CPU
		{9B059B27-3829-4A90-9993-591A933C72AA}.Release|Any CPU.Build.0 = Release|Any CPU
		{8CA6D4F3-ADE5-4338-93C0-D79455C58C6A}.Debug|Any CPU.ActiveCfg = Debug|Any CPU
		{8CA6D4F3-ADE5-4338-93C0-D79455C58C6A}.Debug|Any CPU.Build.0 = Debug|Any CPU
		{8CA6D4F3-ADE5-4338-93C0-D79455C58C6A}.Release|Any CPU.ActiveCfg = Release|Any CPU
		{8CA6D4F3-ADE5-4338-93C0-D79455C58C6A}.Release|Any CPU.Build.0 = Release|Any CPU
		{C750DD84-131F-43E9-A3BD-3CA5D005281F}.Debug|Any CPU.ActiveCfg = Debug|Any CPU
		{C750DD84-131F-43E9-A3BD-3CA5D005281F}.Debug|Any CPU.Build.0 = Debug|Any CPU
		{C750DD84-131F-43E9-A3BD-3CA5D005281F}.Release|Any CPU.ActiveCfg = Release|Any CPU
		{C750DD84-131F-43E9-A3BD-3CA5D005281F}.Release|Any CPU.Build.0 = Release|Any CPU
		{763B037F-4D8C-4C6A-B035-140554077BDE}.Debug|Any CPU.ActiveCfg = Debug|Any CPU
		{763B037F-4D8C-4C6A-B035-140554077BDE}.Debug|Any CPU.Build.0 = Debug|Any CPU
		{763B037F-4D8C-4C6A-B035-140554077BDE}.Release|Any CPU.ActiveCfg = Release|Any CPU
		{763B037F-4D8C-4C6A-B035-140554077BDE}.Release|Any CPU.Build.0 = Release|Any CPU
		{889D9A73-6532-4791-B1EB-2330C07267DB}.Debug|Any CPU.ActiveCfg = Debug|Any CPU
		{889D9A73-6532-4791-B1EB-2330C07267DB}.Debug|Any CPU.Build.0 = Debug|Any CPU
		{889D9A73-6532-4791-B1EB-2330C07267DB}.Release|Any CPU.ActiveCfg = Release|Any CPU
		{889D9A73-6532-4791-B1EB-2330C07267DB}.Release|Any CPU.Build.0 = Release|Any CPU
		{165D4538-000D-4CB5-BB8E-824D294892E4}.Debug|Any CPU.ActiveCfg = Debug|Any CPU
		{165D4538-000D-4CB5-BB8E-824D294892E4}.Debug|Any CPU.Build.0 = Debug|Any CPU
		{165D4538-000D-4CB5-BB8E-824D294892E4}.Release|Any CPU.ActiveCfg = Release|Any CPU
		{165D4538-000D-4CB5-BB8E-824D294892E4}.Release|Any CPU.Build.0 = Release|Any CPU
		{F14EDEB5-38DD-433A-87AD-679C99FFE9F4}.Debug|Any CPU.ActiveCfg = Debug|Any CPU
		{F14EDEB5-38DD-433A-87AD-679C99FFE9F4}.Debug|Any CPU.Build.0 = Debug|Any CPU
		{F14EDEB5-38DD-433A-87AD-679C99FFE9F4}.Release|Any CPU.ActiveCfg = Release|Any CPU
		{F14EDEB5-38DD-433A-87AD-679C99FFE9F4}.Release|Any CPU.Build.0 = Release|Any CPU
		{30C03604-4AAE-4174-A5F4-9F5D4A6C005E}.Debug|Any CPU.ActiveCfg = Debug|Any CPU
		{30C03604-4AAE-4174-A5F4-9F5D4A6C005E}.Debug|Any CPU.Build.0 = Debug|Any CPU
		{30C03604-4AAE-4174-A5F4-9F5D4A6C005E}.Release|Any CPU.ActiveCfg = Release|Any CPU
		{30C03604-4AAE-4174-A5F4-9F5D4A6C005E}.Release|Any CPU.Build.0 = Release|Any CPU
	EndGlobalSection
	GlobalSection(SolutionProperties) = preSolution
		HideSolutionNode = FALSE
	EndGlobalSection
	GlobalSection(NestedProjects) = preSolution
		{8815AAAD-4834-4EE7-8012-A17D2E0BA3AF} = {0119D1D2-F96E-4199-920C-A140FFE1724E}
		{E113B493-DAED-4AD7-B5DA-B0747BAF925B} = {27C534BC-4C7C-417D-97D7-C2437A6E2088}
		{B05F3F1B-60EF-436B-A67C-27C2898DD030} = {27C534BC-4C7C-417D-97D7-C2437A6E2088}
		{813B9B1B-DE90-46CE-BFB4-55DC04E606D2} = {27C534BC-4C7C-417D-97D7-C2437A6E2088}
		{8FB6F3AF-C105-4A45-A0B3-E61247F8224D} = {27C534BC-4C7C-417D-97D7-C2437A6E2088}
		{01942A61-92D2-494B-8D5D-C1654D1112EB} = {27C534BC-4C7C-417D-97D7-C2437A6E2088}
		{D02A2E73-4071-4A9E-852A-BBF1CB1E8E63} = {27C534BC-4C7C-417D-97D7-C2437A6E2088}
		{A6416306-8A0B-4F96-AB1E-4F112577136F} = {27C534BC-4C7C-417D-97D7-C2437A6E2088}
		{9B059B27-3829-4A90-9993-591A933C72AA} = {27C534BC-4C7C-417D-97D7-C2437A6E2088}
		{DBE81F11-85CE-442D-A04B-413298F6576F} = {27C534BC-4C7C-417D-97D7-C2437A6E2088}
		{8CA6D4F3-ADE5-4338-93C0-D79455C58C6A} = {DBE81F11-85CE-442D-A04B-413298F6576F}
		{C750DD84-131F-43E9-A3BD-3CA5D005281F} = {20037EB8-1B50-4006-AD3C-7538FA782194}
		{763B037F-4D8C-4C6A-B035-140554077BDE} = {20037EB8-1B50-4006-AD3C-7538FA782194}
		{889D9A73-6532-4791-B1EB-2330C07267DB} = {20037EB8-1B50-4006-AD3C-7538FA782194}
		{165D4538-000D-4CB5-BB8E-824D294892E4} = {20037EB8-1B50-4006-AD3C-7538FA782194}
		{F14EDEB5-38DD-433A-87AD-679C99FFE9F4} = {20037EB8-1B50-4006-AD3C-7538FA782194}
		{30C03604-4AAE-4174-A5F4-9F5D4A6C005E} = {20037EB8-1B50-4006-AD3C-7538FA782194}
	EndGlobalSection
	GlobalSection(ExtensibilityGlobals) = postSolution
		SolutionGuid = {4F2ABDD1-015E-4EEA-AFED-FE798B4D3165}
	EndGlobalSection
EndGlobal
